<?xml version="1.0" encoding="utf-8"?>
<Project ToolsVersion="4.0" xmlns="http://schemas.microsoft.com/developer/msbuild/2003">
  <ItemGroup>
    <Filter Include="Исходные файлы">
      <UniqueIdentifier>{4FC737F1-C7A5-4376-A066-2A32D752A2FF}</UniqueIdentifier>
      <Extensions>cpp;c;cc;cxx;c++;cppm;ixx;def;odl;idl;hpj;bat;asm;asmx</Extensions>
    </Filter>
    <Filter Include="Файлы заголовков">
      <UniqueIdentifier>{93995380-89BD-4b04-88EB-625FBE52EBFB}</UniqueIdentifier>
      <Extensions>h;hh;hpp;hxx;h++;hm;inl;inc;ipp;xsd</Extensions>
    </Filter>
    <Filter Include="main ex.1">
      <UniqueIdentifier>{68a3c805-fa82-42d3-ad26-f08b441b9ef5}</UniqueIdentifier>
    </Filter>
    <Filter Include="main ex.2">
      <UniqueIdentifier>{cca6cb5b-dde3-4c38-8c30-f98e6caffd52}</UniqueIdentifier>
    </Filter>
    <Filter Include="main ex.3">
      <UniqueIdentifier>{7a238ea2-3de6-4b17-9bf6-e3430de34bc5}</UniqueIdentifier>
    </Filter>
    <Filter Include="main ex.4">
      <UniqueIdentifier>{effcb319-c6f1-462f-8b52-69330c9e0495}</UniqueIdentifier>
    </Filter>
  </ItemGroup>
  <ItemGroup>
    <ClCompile Include="main_1.cpp">
      <Filter>main ex.1</Filter>
    </ClCompile>
    <ClCompile Include="menu.cpp">
      <Filter>Исходные файлы</Filter>
    </ClCompile>
    <ClCompile Include="main_ex2.cpp">
      <Filter>main ex.2</Filter>
    </ClCompile>
    <ClCompile Include="main_ex3.cpp">
      <Filter>main ex.3</Filter>
    </ClCompile>
    <ClCompile Include="main_ex4.cpp">
      <Filter>main ex.4</Filter>
    </ClCompile>
  </ItemGroup>
  <ItemGroup>
    <ClInclude Include="Header.h">
      <Filter>Файлы заголовков</Filter>
    </ClInclude>
    <ClInclude Include="first_main.h">
      <Filter>Файлы заголовков</Filter>
    </ClInclude>
    <ClInclude Include="second_main.h">
      <Filter>Файлы заголовков</Filter>
    </ClInclude>
    <ClInclude Include="third_main.h">
      <Filter>Файлы заголовков</Filter>
    </ClInclude>
    <ClInclude Include="fourth_main.h">
      <Filter>Файлы заголовков</Filter>
    </ClInclude>
  </ItemGroup>
</Project>